
Microsoft Visual Studio Solution File, Format Version 12.00
# Visual Studio 15
VisualStudioVersion = 15.0.27130.2024
MinimumVisualStudioVersion = 10.0.40219.1
Project("{930C7802-8A8C-48F9-8165-68863BCCD9DD}") = "BHoM_Installer", "BHoM_Installer\BHoM_Installer.wixproj", "{0965F49D-5CE6-4E54-9E86-AACC7FE0F035}"
EndProject
Project("{FAE04EC0-301F-11D3-BF4B-00C04F79EFBC}") = "InstallerCA", "InstallerCA\InstallerCA.csproj", "{639D9368-7833-42B3-B166-6FEF55A21001}"
EndProject
Project("{930C7802-8A8C-48F9-8165-68863BCCD9DD}") = "InstallerCore", "InstallerCore\InstallerCore.wixproj", "{9269F4F2-F136-46A8-9BA2-4899C5CA38D3}"
EndProject
Global
	GlobalSection(SolutionConfigurationPlatforms) = preSolution
		Debug|Any CPU = Debug|Any CPU
		Debug|x86 = Debug|x86
		Release|Any CPU = Release|Any CPU
		Release|x86 = Release|x86
	EndGlobalSection
	GlobalSection(ProjectConfigurationPlatforms) = postSolution
		{0965F49D-5CE6-4E54-9E86-AACC7FE0F035}.Debug|Any CPU.ActiveCfg = Debug|x86
		{0965F49D-5CE6-4E54-9E86-AACC7FE0F035}.Debug|Any CPU.Build.0 = Debug|x86
		{0965F49D-5CE6-4E54-9E86-AACC7FE0F035}.Debug|x86.ActiveCfg = Debug|x86
		{0965F49D-5CE6-4E54-9E86-AACC7FE0F035}.Debug|x86.Build.0 = Debug|x86
		{0965F49D-5CE6-4E54-9E86-AACC7FE0F035}.Release|Any CPU.ActiveCfg = Release|x86
		{0965F49D-5CE6-4E54-9E86-AACC7FE0F035}.Release|Any CPU.Build.0 = Release|x86
		{0965F49D-5CE6-4E54-9E86-AACC7FE0F035}.Release|x86.ActiveCfg = Release|x86
		{0965F49D-5CE6-4E54-9E86-AACC7FE0F035}.Release|x86.Build.0 = Release|x86
		{639D9368-7833-42B3-B166-6FEF55A21001}.Debug|Any CPU.ActiveCfg = Debug|Any CPU
		{639D9368-7833-42B3-B166-6FEF55A21001}.Debug|Any CPU.Build.0 = Debug|Any CPU
		{639D9368-7833-42B3-B166-6FEF55A21001}.Debug|x86.ActiveCfg = Debug|Any CPU
		{639D9368-7833-42B3-B166-6FEF55A21001}.Debug|x86.Build.0 = Debug|Any CPU
		{639D9368-7833-42B3-B166-6FEF55A21001}.Release|Any CPU.ActiveCfg = Release|Any CPU
		{639D9368-7833-42B3-B166-6FEF55A21001}.Release|Any CPU.Build.0 = Release|Any CPU
		{639D9368-7833-42B3-B166-6FEF55A21001}.Release|x86.ActiveCfg = Release|Any CPU
		{639D9368-7833-42B3-B166-6FEF55A21001}.Release|x86.Build.0 = Release|Any CPU
		{9269F4F2-F136-46A8-9BA2-4899C5CA38D3}.Debug|Any CPU.ActiveCfg = Debug|x86
		{9269F4F2-F136-46A8-9BA2-4899C5CA38D3}.Debug|Any CPU.Build.0 = Debug|x86
		{9269F4F2-F136-46A8-9BA2-4899C5CA38D3}.Debug|x86.ActiveCfg = Debug|x86
		{9269F4F2-F136-46A8-9BA2-4899C5CA38D3}.Debug|x86.Build.0 = Debug|x86
		{9269F4F2-F136-46A8-9BA2-4899C5CA38D3}.Release|Any CPU.ActiveCfg = Release|x86
		{9269F4F2-F136-46A8-9BA2-4899C5CA38D3}.Release|Any CPU.Build.0 = Release|x86
		{9269F4F2-F136-46A8-9BA2-4899C5CA38D3}.Release|x86.ActiveCfg = Release|x86
		{9269F4F2-F136-46A8-9BA2-4899C5CA38D3}.Release|x86.Build.0 = Release|x86
	EndGlobalSection
	GlobalSection(SolutionProperties) = preSolution
		HideSolutionNode = FALSE
	EndGlobalSection
	GlobalSection(ExtensibilityGlobals) = postSolution
		SolutionGuid = {CCD3CA1F-93CC-4449-8DB5-9429841E5F11}
	EndGlobalSection
EndGlobal
